
Microsoft Visual Studio Solution File, Format Version 12.00
# Visual Studio Version 17
VisualStudioVersion = 17.9.34728.123
MinimumVisualStudioVersion = 10.0.40219.1
Project("{8BC9CEB8-8B4A-11D0-8D11-00A0C91BC942}") = "ConsoleApplication5", "ConsoleApplication5\ConsoleApplication5.vcxproj", "{A1F93418-61FA-4BD2-9A7F-FD7F4F8D0B06}"
EndProject
Global
	GlobalSection(SolutionConfigurationPlatforms) = preSolution
		Debug|x64 = Debug|x64
		Debug|x86 = Debug|x86
		Release|x64 = Release|x64
		Release|x86 = Release|x86
	EndGlobalSection
	GlobalSection(ProjectConfigurationPlatforms) = postSolution
		{A1F93418-61FA-4BD2-9A7F-FD7F4F8D0B06}.Debug|x64.ActiveCfg = Debug|x64
		{A1F93418-61FA-4BD2-9A7F-FD7F4F8D0B06}.Debug|x64.Build.0 = Debug|x64
		{A1F93418-61FA-4BD2-9A7F-FD7F4F8D0B06}.Debug|x86.ActiveCfg = Debug|Win32
		{A1F93418-61FA-4BD2-9A7F-FD7F4F8D0B06}.Debug|x86.Build.0 = Debug|Win32
		{A1F93418-61FA-4BD2-9A7F-FD7F4F8D0B06}.Release|x64.ActiveCfg = Release|x64
		{A1F93418-61FA-4BD2-9A7F-FD7F4F8D0B06}.Release|x64.Build.0 = Release|x64
		{A1F93418-61FA-4BD2-9A7F-FD7F4F8D0B06}.Release|x86.ActiveCfg = Release|Win32
		{A1F93418-61FA-4BD2-9A7F-FD7F4F8D0B06}.Release|x86.Build.0 = Release|Win32
	EndGlobalSection
	GlobalSection(SolutionProperties) = preSolution
		HideSolutionNode = FALSE
	EndGlobalSection
	GlobalSection(ExtensibilityGlobals) = postSolution
		SolutionGuid = {09439885-1CAB-4E19-8D51-6D7621E1FD9F}
	EndGlobalSection
EndGlobal
